// !$*UTF8*$!
{
	archiveVersion = 1;
	classes = {
	};
	objectVersion = 63;
	objects = {

/* Begin PBXBuildFile section */
		630868282B8F589700D14763 /* FullView.swift in Sources */ = {isa = PBXBuildFile; fileRef = 630868272B8F589700D14763 /* FullView.swift */; };
		6308682D2B8F5A7D00D14763 /* shader.metal in Sources */ = {isa = PBXBuildFile; fileRef = 6308682C2B8F5A7D00D14763 /* shader.metal */; };
		630868312B8F656600D14763 /* FullConfigs.swift in Sources */ = {isa = PBXBuildFile; fileRef = 630868302B8F656600D14763 /* FullConfigs.swift */; };
		63318D562BA30FBC004F8061 /* VolumeModell.swift in Sources */ = {isa = PBXBuildFile; fileRef = 63318D552BA30FBC004F8061 /* VolumeModell.swift */; };
		63344C8A2BE11085004E06C5 /* bonsai256.raw in Resources */ = {isa = PBXBuildFile; fileRef = 63344C882BE11085004E06C5 /* bonsai256.raw */; };
		63344C8B2BE11085004E06C5 /* bonsai256.dat in Resources */ = {isa = PBXBuildFile; fileRef = 63344C892BE11085004E06C5 /* bonsai256.dat */; };
		63344C8F2BE11143004E06C5 /* head.dat in Resources */ = {isa = PBXBuildFile; fileRef = 63344C8D2BE110B2004E06C5 /* head.dat */; };
		6346945E2B7107720063817D /* AxisLoader.swift in Sources */ = {isa = PBXBuildFile; fileRef = 6346945D2B7107720063817D /* AxisLoader.swift */; };
		635E81532BF3756B00978F4B /* FullControls.swift in Sources */ = {isa = PBXBuildFile; fileRef = 635E81522BF3756B00978F4B /* FullControls.swift */; };
		6374FEA42B83811000F74D28 /* VisionProPosition.swift in Sources */ = {isa = PBXBuildFile; fileRef = 6374FEA32B83811000F74D28 /* VisionProPosition.swift */; };
		637F4EC52BA0BE2E0042A671 /* VolumeControll.swift in Sources */ = {isa = PBXBuildFile; fileRef = 637F4EC42BA0BE2E0042A671 /* VolumeControll.swift */; };
		637F4EC72BA1A0CD0042A671 /* AxisModell.swift in Sources */ = {isa = PBXBuildFile; fileRef = 637F4EC62BA1A0CD0042A671 /* AxisModell.swift */; };
		6389E0942BDFE5CB00E10599 /* hand.dat in Resources */ = {isa = PBXBuildFile; fileRef = 6329F23F2BDFE47C007C0274 /* hand.dat */; };
		6389E0952BDFE5CB00E10599 /* hand.raw in Resources */ = {isa = PBXBuildFile; fileRef = 6329F23E2BDFE47C007C0274 /* hand.raw */; };
		6389E0962BDFE5CB00E10599 /* hand162.1dt in Resources */ = {isa = PBXBuildFile; fileRef = 6329F23D2BDFE47B007C0274 /* hand162.1dt */; };
		638E69242B6AE81600DC2E98 /* Tesselation.swift in Sources */ = {isa = PBXBuildFile; fileRef = 638E691D2B6AE81600DC2E98 /* Tesselation.swift */; };
		638E69272B6AE81600DC2E98 /* Vecs.swift in Sources */ = {isa = PBXBuildFile; fileRef = 638E69202B6AE81600DC2E98 /* Vecs.swift */; };
		638E69282B6AE81600DC2E98 /* Clipper.swift in Sources */ = {isa = PBXBuildFile; fileRef = 638E69212B6AE81600DC2E98 /* Clipper.swift */; };
		638E69292B6AE81600DC2E98 /* QVis.swift in Sources */ = {isa = PBXBuildFile; fileRef = 638E69222B6AE81600DC2E98 /* QVis.swift */; };
		638E692A2B6AE81600DC2E98 /* Volumes.swift in Sources */ = {isa = PBXBuildFile; fileRef = 638E69232B6AE81600DC2E98 /* Volumes.swift */; };
		638E69322B6AE99D00DC2E98 /* bonsai128.raw in Resources */ = {isa = PBXBuildFile; fileRef = 638E692C2B6AE99D00DC2E98 /* bonsai128.raw */; };
		638E69332B6AE99D00DC2E98 /* engine.dat in Resources */ = {isa = PBXBuildFile; fileRef = 638E692D2B6AE99D00DC2E98 /* engine.dat */; };
		638E69342B6AE99D00DC2E98 /* bonsai128.dat in Resources */ = {isa = PBXBuildFile; fileRef = 638E692E2B6AE99D00DC2E98 /* bonsai128.dat */; };
		638E69352B6AE99D00DC2E98 /* c60.raw in Resources */ = {isa = PBXBuildFile; fileRef = 638E692F2B6AE99D00DC2E98 /* c60.raw */; };
		638E69362B6AE99D00DC2E98 /* c60.dat in Resources */ = {isa = PBXBuildFile; fileRef = 638E69302B6AE99D00DC2E98 /* c60.dat */; };
		638E69372B6AE99D00DC2E98 /* engine.raw in Resources */ = {isa = PBXBuildFile; fileRef = 638E69312B6AE99D00DC2E98 /* engine.raw */; };
		63C245542B66CDC90037B3E1 /* RealityKitContent in Frameworks */ = {isa = PBXBuildFile; productRef = 63C245532B66CDC90037B3E1 /* RealityKitContent */; };
		63C245562B66CDC90037B3E1 /* visionShaderApp.swift in Sources */ = {isa = PBXBuildFile; fileRef = 63C245552B66CDC90037B3E1 /* visionShaderApp.swift */; };
		63C2455A2B66CDC90037B3E1 /* AxisView.swift in Sources */ = {isa = PBXBuildFile; fileRef = 63C245592B66CDC90037B3E1 /* AxisView.swift */; };
		63C2455C2B66CDCB0037B3E1 /* Assets.xcassets in Resources */ = {isa = PBXBuildFile; fileRef = 63C2455B2B66CDCB0037B3E1 /* Assets.xcassets */; };
		63C2455F2B66CDCB0037B3E1 /* Preview Assets.xcassets in Resources */ = {isa = PBXBuildFile; fileRef = 63C2455E2B66CDCB0037B3E1 /* Preview Assets.xcassets */; };
		63F8299F2BE0DC260040334D /* foot256.dat in Resources */ = {isa = PBXBuildFile; fileRef = 63F8299E2BE0DC140040334D /* foot256.dat */; };
		63F829A02BE0DC260040334D /* foot256.pal in Resources */ = {isa = PBXBuildFile; fileRef = 63F8299B2BE0DC140040334D /* foot256.pal */; };
		63F829A12BE0DC260040334D /* foot256.raw in Resources */ = {isa = PBXBuildFile; fileRef = 63F8299C2BE0DC140040334D /* foot256.raw */; };
		63F829A22BE0DC260040334D /* Thumbs.db in Resources */ = {isa = PBXBuildFile; fileRef = 63F8299D2BE0DC140040334D /* Thumbs.db */; };
/* End PBXBuildFile section */

/* Begin PBXFileReference section */
		630868272B8F589700D14763 /* FullView.swift */ = {isa = PBXFileReference; lastKnownFileType = sourcecode.swift; path = FullView.swift; sourceTree = "<group>"; };
		6308682C2B8F5A7D00D14763 /* shader.metal */ = {isa = PBXFileReference; lastKnownFileType = sourcecode.metal; path = shader.metal; sourceTree = "<group>"; };
		6308682E2B8F5A8B00D14763 /* shaderTypes.h */ = {isa = PBXFileReference; lastKnownFileType = sourcecode.c.h; path = shaderTypes.h; sourceTree = "<group>"; };
		630868302B8F656600D14763 /* FullConfigs.swift */ = {isa = PBXFileReference; lastKnownFileType = sourcecode.swift; path = FullConfigs.swift; sourceTree = "<group>"; };
		6329F23D2BDFE47B007C0274 /* hand162.1dt */ = {isa = PBXFileReference; fileEncoding = 4; lastKnownFileType = text; path = hand162.1dt; sourceTree = "<group>"; };
		6329F23E2BDFE47C007C0274 /* hand.raw */ = {isa = PBXFileReference; lastKnownFileType = file; path = hand.raw; sourceTree = "<group>"; };
		6329F23F2BDFE47C007C0274 /* hand.dat */ = {isa = PBXFileReference; fileEncoding = 4; lastKnownFileType = text; path = hand.dat; sourceTree = "<group>"; };
		63318D552BA30FBC004F8061 /* VolumeModell.swift */ = {isa = PBXFileReference; lastKnownFileType = sourcecode.swift; path = VolumeModell.swift; sourceTree = "<group>"; };
		63344C882BE11085004E06C5 /* bonsai256.raw */ = {isa = PBXFileReference; lastKnownFileType = file; path = bonsai256.raw; sourceTree = "<group>"; };
		63344C892BE11085004E06C5 /* bonsai256.dat */ = {isa = PBXFileReference; fileEncoding = 4; lastKnownFileType = text; path = bonsai256.dat; sourceTree = "<group>"; };
		63344C8D2BE110B2004E06C5 /* head.dat */ = {isa = PBXFileReference; lastKnownFileType = text; path = head.dat; sourceTree = "<group>"; };
		6346945D2B7107720063817D /* AxisLoader.swift */ = {isa = PBXFileReference; lastKnownFileType = sourcecode.swift; path = AxisLoader.swift; sourceTree = "<group>"; };
		635E81522BF3756B00978F4B /* FullControls.swift */ = {isa = PBXFileReference; lastKnownFileType = sourcecode.swift; path = FullControls.swift; sourceTree = "<group>"; };
		6374FEA32B83811000F74D28 /* VisionProPosition.swift */ = {isa = PBXFileReference; lastKnownFileType = sourcecode.swift; path = VisionProPosition.swift; sourceTree = "<group>"; };
		637F4EC42BA0BE2E0042A671 /* VolumeControll.swift */ = {isa = PBXFileReference; lastKnownFileType = sourcecode.swift; path = VolumeControll.swift; sourceTree = "<group>"; };
		637F4EC62BA1A0CD0042A671 /* AxisModell.swift */ = {isa = PBXFileReference; lastKnownFileType = sourcecode.swift; path = AxisModell.swift; sourceTree = "<group>"; };
		638E691D2B6AE81600DC2E98 /* Tesselation.swift */ = {isa = PBXFileReference; lastKnownFileType = sourcecode.swift; path = Tesselation.swift; sourceTree = "<group>"; };
		638E69202B6AE81600DC2E98 /* Vecs.swift */ = {isa = PBXFileReference; lastKnownFileType = sourcecode.swift; path = Vecs.swift; sourceTree = "<group>"; };
		638E69212B6AE81600DC2E98 /* Clipper.swift */ = {isa = PBXFileReference; lastKnownFileType = sourcecode.swift; path = Clipper.swift; sourceTree = "<group>"; };
		638E69222B6AE81600DC2E98 /* QVis.swift */ = {isa = PBXFileReference; lastKnownFileType = sourcecode.swift; path = QVis.swift; sourceTree = "<group>"; };
		638E69232B6AE81600DC2E98 /* Volumes.swift */ = {isa = PBXFileReference; lastKnownFileType = sourcecode.swift; path = Volumes.swift; sourceTree = "<group>"; };
		638E692C2B6AE99D00DC2E98 /* bonsai128.raw */ = {isa = PBXFileReference; lastKnownFileType = file; path = bonsai128.raw; sourceTree = "<group>"; };
		638E692D2B6AE99D00DC2E98 /* engine.dat */ = {isa = PBXFileReference; lastKnownFileType = text; path = engine.dat; sourceTree = "<group>"; };
		638E692E2B6AE99D00DC2E98 /* bonsai128.dat */ = {isa = PBXFileReference; lastKnownFileType = text; path = bonsai128.dat; sourceTree = "<group>"; };
		638E692F2B6AE99D00DC2E98 /* c60.raw */ = {isa = PBXFileReference; lastKnownFileType = file; path = c60.raw; sourceTree = "<group>"; };
		638E69302B6AE99D00DC2E98 /* c60.dat */ = {isa = PBXFileReference; lastKnownFileType = text; path = c60.dat; sourceTree = "<group>"; };
		638E69312B6AE99D00DC2E98 /* engine.raw */ = {isa = PBXFileReference; lastKnownFileType = file; path = engine.raw; sourceTree = "<group>"; };
		63C2454E2B66CDC90037B3E1 /* visionCube.app */ = {isa = PBXFileReference; explicitFileType = wrapper.application; includeInIndex = 0; path = visionCube.app; sourceTree = BUILT_PRODUCTS_DIR; };
		63C245522B66CDC90037B3E1 /* RealityKitContent */ = {isa = PBXFileReference; lastKnownFileType = wrapper; path = RealityKitContent; sourceTree = "<group>"; };
		63C245552B66CDC90037B3E1 /* visionShaderApp.swift */ = {isa = PBXFileReference; lastKnownFileType = sourcecode.swift; path = visionShaderApp.swift; sourceTree = "<group>"; };
		63C245592B66CDC90037B3E1 /* AxisView.swift */ = {isa = PBXFileReference; lastKnownFileType = sourcecode.swift; path = AxisView.swift; sourceTree = "<group>"; };
		63C2455B2B66CDCB0037B3E1 /* Assets.xcassets */ = {isa = PBXFileReference; lastKnownFileType = folder.assetcatalog; path = Assets.xcassets; sourceTree = "<group>"; };
		63C2455E2B66CDCB0037B3E1 /* Preview Assets.xcassets */ = {isa = PBXFileReference; lastKnownFileType = folder.assetcatalog; path = "Preview Assets.xcassets"; sourceTree = "<group>"; };
		63C245602B66CDCB0037B3E1 /* Info.plist */ = {isa = PBXFileReference; lastKnownFileType = text.plist.xml; path = Info.plist; sourceTree = "<group>"; };
		63F8299B2BE0DC140040334D /* foot256.pal */ = {isa = PBXFileReference; lastKnownFileType = text; path = foot256.pal; sourceTree = "<group>"; };
		63F8299C2BE0DC140040334D /* foot256.raw */ = {isa = PBXFileReference; lastKnownFileType = file; path = foot256.raw; sourceTree = "<group>"; };
		63F8299D2BE0DC140040334D /* Thumbs.db */ = {isa = PBXFileReference; lastKnownFileType = file; path = Thumbs.db; sourceTree = "<group>"; };
		63F8299E2BE0DC140040334D /* foot256.dat */ = {isa = PBXFileReference; lastKnownFileType = text; path = foot256.dat; sourceTree = "<group>"; };
/* End PBXFileReference section */

/* Begin PBXFrameworksBuildPhase section */
		63C2454B2B66CDC90037B3E1 /* Frameworks */ = {
			isa = PBXFrameworksBuildPhase;
			buildActionMask = 2147483647;
			files = (
				63C245542B66CDC90037B3E1 /* RealityKitContent in Frameworks */,
			);
			runOnlyForDeploymentPostprocessing = 0;
		};
/* End PBXFrameworksBuildPhase section */

/* Begin PBXGroup section */
		63318D572BA30FCA004F8061 /* MixedView */ = {
			isa = PBXGroup;
			children = (
				63C245592B66CDC90037B3E1 /* AxisView.swift */,
				637F4EC62BA1A0CD0042A671 /* AxisModell.swift */,
				6346945D2B7107720063817D /* AxisLoader.swift */,
			);
			path = MixedView;
			sourceTree = "<group>";
		};
		63318D582BA30FD2004F8061 /* FullView */ = {
			isa = PBXGroup;
			children = (
				630868272B8F589700D14763 /* FullView.swift */,
				630868302B8F656600D14763 /* FullConfigs.swift */,
				635E81522BF3756B00978F4B /* FullControls.swift */,
			);
			path = FullView;
			sourceTree = "<group>";
		};
		63344C872BE11073004E06C5 /* bonsai256 */ = {
			isa = PBXGroup;
			children = (
				63344C892BE11085004E06C5 /* bonsai256.dat */,
				63344C882BE11085004E06C5 /* bonsai256.raw */,
				638E692E2B6AE99D00DC2E98 /* bonsai128.dat */,
				638E692C2B6AE99D00DC2E98 /* bonsai128.raw */,
			);
			path = bonsai256;
			sourceTree = "<group>";
		};
		63344C8C2BE110AA004E06C5 /* head */ = {
			isa = PBXGroup;
			children = (
				63344C8D2BE110B2004E06C5 /* head.dat */,
			);
			path = head;
			sourceTree = "<group>";
		};
		63344C8E2BE110BF004E06C5 /* hand */ = {
			isa = PBXGroup;
			children = (
				6329F23F2BDFE47C007C0274 /* hand.dat */,
				6329F23E2BDFE47C007C0274 /* hand.raw */,
				6329F23D2BDFE47B007C0274 /* hand162.1dt */,
			);
			path = hand;
			sourceTree = "<group>";
		};
		6346945F2B71A5490063817D /* dat */ = {
			isa = PBXGroup;
			children = (
				63344C8E2BE110BF004E06C5 /* hand */,
				63344C8C2BE110AA004E06C5 /* head */,
				63344C872BE11073004E06C5 /* bonsai256 */,
				63F8299A2BE0DC0C0040334D /* foot */,
				638E69302B6AE99D00DC2E98 /* c60.dat */,
				638E692F2B6AE99D00DC2E98 /* c60.raw */,
				638E692D2B6AE99D00DC2E98 /* engine.dat */,
				638E69312B6AE99D00DC2E98 /* engine.raw */,
			);
			path = dat;
			sourceTree = "<group>";
		};
		638E692B2B6AE84900DC2E98 /* Cube */ = {
			isa = PBXGroup;
			children = (
				638E69212B6AE81600DC2E98 /* Clipper.swift */,
				638E69222B6AE81600DC2E98 /* QVis.swift */,
				638E691D2B6AE81600DC2E98 /* Tesselation.swift */,
				638E69202B6AE81600DC2E98 /* Vecs.swift */,
				638E69232B6AE81600DC2E98 /* Volumes.swift */,
				6308682C2B8F5A7D00D14763 /* shader.metal */,
				6308682E2B8F5A8B00D14763 /* shaderTypes.h */,
			);
			path = Cube;
			sourceTree = "<group>";
		};
		63C245452B66CDC80037B3E1 = {
			isa = PBXGroup;
			children = (
				63C245502B66CDC90037B3E1 /* visionCube */,
				63C245512B66CDC90037B3E1 /* Packages */,
				63C2454F2B66CDC90037B3E1 /* Products */,
			);
			sourceTree = "<group>";
		};
		63C2454F2B66CDC90037B3E1 /* Products */ = {
			isa = PBXGroup;
			children = (
				63C2454E2B66CDC90037B3E1 /* visionCube.app */,
			);
			name = Products;
			sourceTree = "<group>";
		};
		63C245502B66CDC90037B3E1 /* visionCube */ = {
			isa = PBXGroup;
			children = (
				6346945F2B71A5490063817D /* dat */,
				638E692B2B6AE84900DC2E98 /* Cube */,
				63C245552B66CDC90037B3E1 /* visionShaderApp.swift */,
				63318D552BA30FBC004F8061 /* VolumeModell.swift */,
				637F4EC42BA0BE2E0042A671 /* VolumeControll.swift */,
				6374FEA32B83811000F74D28 /* VisionProPosition.swift */,
				63318D582BA30FD2004F8061 /* FullView */,
				63318D572BA30FCA004F8061 /* MixedView */,
				63C2455B2B66CDCB0037B3E1 /* Assets.xcassets */,
				63C245602B66CDCB0037B3E1 /* Info.plist */,
				63C2455D2B66CDCB0037B3E1 /* Preview Content */,
			);
			path = visionCube;
			sourceTree = "<group>";
		};
		63C245512B66CDC90037B3E1 /* Packages */ = {
			isa = PBXGroup;
			children = (
				63C245522B66CDC90037B3E1 /* RealityKitContent */,
			);
			path = Packages;
			sourceTree = "<group>";
		};
		63C2455D2B66CDCB0037B3E1 /* Preview Content */ = {
			isa = PBXGroup;
			children = (
				63C2455E2B66CDCB0037B3E1 /* Preview Assets.xcassets */,
			);
			path = "Preview Content";
			sourceTree = "<group>";
		};
		63F8299A2BE0DC0C0040334D /* foot */ = {
			isa = PBXGroup;
			children = (
				63F8299E2BE0DC140040334D /* foot256.dat */,
				63F8299B2BE0DC140040334D /* foot256.pal */,
				63F8299C2BE0DC140040334D /* foot256.raw */,
				63F8299D2BE0DC140040334D /* Thumbs.db */,
			);
			path = foot;
			sourceTree = "<group>";
		};
/* End PBXGroup section */

/* Begin PBXNativeTarget section */
		63C2454D2B66CDC90037B3E1 /* visionCube */ = {
			isa = PBXNativeTarget;
			buildConfigurationList = 63C245632B66CDCB0037B3E1 /* Build configuration list for PBXNativeTarget "visionCube" */;
			buildPhases = (
				63C2454A2B66CDC90037B3E1 /* Sources */,
				63C2454B2B66CDC90037B3E1 /* Frameworks */,
				63C2454C2B66CDC90037B3E1 /* Resources */,
			);
			buildRules = (
			);
			dependencies = (
			);
			name = visionCube;
			packageProductDependencies = (
				63C245532B66CDC90037B3E1 /* RealityKitContent */,
			);
			productName = visionShader;
			productReference = 63C2454E2B66CDC90037B3E1 /* visionCube.app */;
			productType = "com.apple.product-type.application";
		};
/* End PBXNativeTarget section */

/* Begin PBXProject section */
		63C245462B66CDC80037B3E1 /* Project object */ = {
			isa = PBXProject;
			attributes = {
				BuildIndependentTargetsInParallel = 1;
				LastSwiftUpdateCheck = 1520;
				LastUpgradeCheck = 1520;
				TargetAttributes = {
					63C2454D2B66CDC90037B3E1 = {
						CreatedOnToolsVersion = 15.2;
					};
				};
			};
			buildConfigurationList = 63C245492B66CDC80037B3E1 /* Build configuration list for PBXProject "visionCube" */;
			compatibilityVersion = "Xcode 15.3";
			developmentRegion = en;
			hasScannedForEncodings = 0;
			knownRegions = (
				en,
				Base,
			);
			mainGroup = 63C245452B66CDC80037B3E1;
			productRefGroup = 63C2454F2B66CDC90037B3E1 /* Products */;
			projectDirPath = "";
			projectRoot = "";
			targets = (
				63C2454D2B66CDC90037B3E1 /* visionCube */,
			);
		};
/* End PBXProject section */

/* Begin PBXResourcesBuildPhase section */
		63C2454C2B66CDC90037B3E1 /* Resources */ = {
			isa = PBXResourcesBuildPhase;
			buildActionMask = 2147483647;
			files = (
				63344C8F2BE11143004E06C5 /* head.dat in Resources */,
				63344C8A2BE11085004E06C5 /* bonsai256.raw in Resources */,
				63F8299F2BE0DC260040334D /* foot256.dat in Resources */,
				63F829A02BE0DC260040334D /* foot256.pal in Resources */,
				63F829A12BE0DC260040334D /* foot256.raw in Resources */,
				63F829A22BE0DC260040334D /* Thumbs.db in Resources */,
				6389E0942BDFE5CB00E10599 /* hand.dat in Resources */,
				6389E0952BDFE5CB00E10599 /* hand.raw in Resources */,
				6389E0962BDFE5CB00E10599 /* hand162.1dt in Resources */,
				638E69322B6AE99D00DC2E98 /* bonsai128.raw in Resources */,
				638E69332B6AE99D00DC2E98 /* engine.dat in Resources */,
				638E69342B6AE99D00DC2E98 /* bonsai128.dat in Resources */,
				638E69352B6AE99D00DC2E98 /* c60.raw in Resources */,
				638E69362B6AE99D00DC2E98 /* c60.dat in Resources */,
				63344C8B2BE11085004E06C5 /* bonsai256.dat in Resources */,
				638E69372B6AE99D00DC2E98 /* engine.raw in Resources */,
				63C2455F2B66CDCB0037B3E1 /* Preview Assets.xcassets in Resources */,
				63C2455C2B66CDCB0037B3E1 /* Assets.xcassets in Resources */,
			);
			runOnlyForDeploymentPostprocessing = 0;
		};
/* End PBXResourcesBuildPhase section */

/* Begin PBXSourcesBuildPhase section */
		63C2454A2B66CDC90037B3E1 /* Sources */ = {
			isa = PBXSourcesBuildPhase;
			buildActionMask = 2147483647;
			files = (
				6308682D2B8F5A7D00D14763 /* shader.metal in Sources */,
				638E69242B6AE81600DC2E98 /* Tesselation.swift in Sources */,
				63318D562BA30FBC004F8061 /* VolumeModell.swift in Sources */,
				638E69272B6AE81600DC2E98 /* Vecs.swift in Sources */,
				635E81532BF3756B00978F4B /* FullControls.swift in Sources */,
				630868282B8F589700D14763 /* FullView.swift in Sources */,
				6374FEA42B83811000F74D28 /* VisionProPosition.swift in Sources */,
				638E69282B6AE81600DC2E98 /* Clipper.swift in Sources */,
				638E69292B6AE81600DC2E98 /* QVis.swift in Sources */,
				638E692A2B6AE81600DC2E98 /* Volumes.swift in Sources */,
				630868312B8F656600D14763 /* FullConfigs.swift in Sources */,
				637F4EC52BA0BE2E0042A671 /* VolumeControll.swift in Sources */,
				63C245562B66CDC90037B3E1 /* visionShaderApp.swift in Sources */,
				637F4EC72BA1A0CD0042A671 /* AxisModell.swift in Sources */,
				6346945E2B7107720063817D /* AxisLoader.swift in Sources */,
				63C2455A2B66CDC90037B3E1 /* AxisView.swift in Sources */,
			);
			runOnlyForDeploymentPostprocessing = 0;
		};
/* End PBXSourcesBuildPhase section */

/* Begin XCBuildConfiguration section */
		63C245612B66CDCB0037B3E1 /* Debug */ = {
			isa = XCBuildConfiguration;
			buildSettings = {
				ALWAYS_SEARCH_USER_PATHS = NO;
				ASSETCATALOG_COMPILER_GENERATE_SWIFT_ASSET_SYMBOL_EXTENSIONS = YES;
				CLANG_ANALYZER_NONNULL = YES;
				CLANG_ANALYZER_NUMBER_OBJECT_CONVERSION = YES_AGGRESSIVE;
				CLANG_CXX_LANGUAGE_STANDARD = "gnu++20";
				CLANG_ENABLE_MODULES = YES;
				CLANG_ENABLE_OBJC_ARC = YES;
				CLANG_ENABLE_OBJC_WEAK = YES;
				CLANG_WARN_BLOCK_CAPTURE_AUTORELEASING = YES;
				CLANG_WARN_BOOL_CONVERSION = YES;
				CLANG_WARN_COMMA = YES;
				CLANG_WARN_CONSTANT_CONVERSION = YES;
				CLANG_WARN_DEPRECATED_OBJC_IMPLEMENTATIONS = YES;
				CLANG_WARN_DIRECT_OBJC_ISA_USAGE = YES_ERROR;
				CLANG_WARN_DOCUMENTATION_COMMENTS = YES;
				CLANG_WARN_EMPTY_BODY = YES;
				CLANG_WARN_ENUM_CONVERSION = YES;
				CLANG_WARN_INFINITE_RECURSION = YES;
				CLANG_WARN_INT_CONVERSION = YES;
				CLANG_WARN_NON_LITERAL_NULL_CONVERSION = YES;
				CLANG_WARN_OBJC_IMPLICIT_RETAIN_SELF = YES;
				CLANG_WARN_OBJC_LITERAL_CONVERSION = YES;
				CLANG_WARN_OBJC_ROOT_CLASS = YES_ERROR;
				CLANG_WARN_QUOTED_INCLUDE_IN_FRAMEWORK_HEADER = YES;
				CLANG_WARN_RANGE_LOOP_ANALYSIS = YES;
				CLANG_WARN_STRICT_PROTOTYPES = YES;
				CLANG_WARN_SUSPICIOUS_MOVE = YES;
				CLANG_WARN_UNGUARDED_AVAILABILITY = YES_AGGRESSIVE;
				CLANG_WARN_UNREACHABLE_CODE = YES;
				CLANG_WARN__DUPLICATE_METHOD_MATCH = YES;
				COPY_PHASE_STRIP = NO;
				DEBUG_INFORMATION_FORMAT = dwarf;
				ENABLE_STRICT_OBJC_MSGSEND = YES;
				ENABLE_TESTABILITY = YES;
				ENABLE_USER_SCRIPT_SANDBOXING = YES;
				GCC_C_LANGUAGE_STANDARD = gnu17;
				GCC_DYNAMIC_NO_PIC = NO;
				GCC_NO_COMMON_BLOCKS = YES;
				GCC_OPTIMIZATION_LEVEL = 0;
				GCC_PREPROCESSOR_DEFINITIONS = (
					"DEBUG=1",
					"$(inherited)",
				);
				GCC_WARN_64_TO_32_BIT_CONVERSION = YES;
				GCC_WARN_ABOUT_RETURN_TYPE = YES_ERROR;
				GCC_WARN_UNDECLARED_SELECTOR = YES;
				GCC_WARN_UNINITIALIZED_AUTOS = YES_AGGRESSIVE;
				GCC_WARN_UNUSED_FUNCTION = YES;
				GCC_WARN_UNUSED_VARIABLE = YES;
				LOCALIZATION_PREFERS_STRING_CATALOGS = YES;
				MTL_ENABLE_DEBUG_INFO = INCLUDE_SOURCE;
				MTL_FAST_MATH = YES;
				MTL_LANGUAGE_REVISION = Metal31;
				ONLY_ACTIVE_ARCH = YES;
				SDKROOT = xros;
				SWIFT_ACTIVE_COMPILATION_CONDITIONS = "DEBUG $(inherited)";
				SWIFT_OPTIMIZATION_LEVEL = "-Onone";
				TVOS_DEPLOYMENT_TARGET = 17.3;
				XROS_DEPLOYMENT_TARGET = 1.1;
			};
			name = Debug;
		};
		63C245622B66CDCB0037B3E1 /* Release */ = {
			isa = XCBuildConfiguration;
			buildSettings = {
				ALWAYS_SEARCH_USER_PATHS = NO;
				ASSETCATALOG_COMPILER_GENERATE_SWIFT_ASSET_SYMBOL_EXTENSIONS = YES;
				CLANG_ANALYZER_NONNULL = YES;
				CLANG_ANALYZER_NUMBER_OBJECT_CONVERSION = YES_AGGRESSIVE;
				CLANG_CXX_LANGUAGE_STANDARD = "gnu++20";
				CLANG_ENABLE_MODULES = YES;
				CLANG_ENABLE_OBJC_ARC = YES;
				CLANG_ENABLE_OBJC_WEAK = YES;
				CLANG_WARN_BLOCK_CAPTURE_AUTORELEASING = YES;
				CLANG_WARN_BOOL_CONVERSION = YES;
				CLANG_WARN_COMMA = YES;
				CLANG_WARN_CONSTANT_CONVERSION = YES;
				CLANG_WARN_DEPRECATED_OBJC_IMPLEMENTATIONS = YES;
				CLANG_WARN_DIRECT_OBJC_ISA_USAGE = YES_ERROR;
				CLANG_WARN_DOCUMENTATION_COMMENTS = YES;
				CLANG_WARN_EMPTY_BODY = YES;
				CLANG_WARN_ENUM_CONVERSION = YES;
				CLANG_WARN_INFINITE_RECURSION = YES;
				CLANG_WARN_INT_CONVERSION = YES;
				CLANG_WARN_NON_LITERAL_NULL_CONVERSION = YES;
				CLANG_WARN_OBJC_IMPLICIT_RETAIN_SELF = YES;
				CLANG_WARN_OBJC_LITERAL_CONVERSION = YES;
				CLANG_WARN_OBJC_ROOT_CLASS = YES_ERROR;
				CLANG_WARN_QUOTED_INCLUDE_IN_FRAMEWORK_HEADER = YES;
				CLANG_WARN_RANGE_LOOP_ANALYSIS = YES;
				CLANG_WARN_STRICT_PROTOTYPES = YES;
				CLANG_WARN_SUSPICIOUS_MOVE = YES;
				CLANG_WARN_UNGUARDED_AVAILABILITY = YES_AGGRESSIVE;
				CLANG_WARN_UNREACHABLE_CODE = YES;
				CLANG_WARN__DUPLICATE_METHOD_MATCH = YES;
				COPY_PHASE_STRIP = NO;
				DEBUG_INFORMATION_FORMAT = "dwarf-with-dsym";
				ENABLE_NS_ASSERTIONS = NO;
				ENABLE_STRICT_OBJC_MSGSEND = YES;
				ENABLE_USER_SCRIPT_SANDBOXING = YES;
				GCC_C_LANGUAGE_STANDARD = gnu17;
				GCC_NO_COMMON_BLOCKS = YES;
				GCC_WARN_64_TO_32_BIT_CONVERSION = YES;
				GCC_WARN_ABOUT_RETURN_TYPE = YES_ERROR;
				GCC_WARN_UNDECLARED_SELECTOR = YES;
				GCC_WARN_UNINITIALIZED_AUTOS = YES_AGGRESSIVE;
				GCC_WARN_UNUSED_FUNCTION = YES;
				GCC_WARN_UNUSED_VARIABLE = YES;
				LOCALIZATION_PREFERS_STRING_CATALOGS = YES;
				MTL_ENABLE_DEBUG_INFO = NO;
				MTL_FAST_MATH = YES;
				MTL_LANGUAGE_REVISION = Metal31;
				SDKROOT = xros;
				SWIFT_COMPILATION_MODE = wholemodule;
				TVOS_DEPLOYMENT_TARGET = 17.3;
				VALIDATE_PRODUCT = YES;
				XROS_DEPLOYMENT_TARGET = 1.1;
			};
			name = Release;
		};
		63C245642B66CDCB0037B3E1 /* Debug */ = {
			isa = XCBuildConfiguration;
			buildSettings = {
				ASSETCATALOG_COMPILER_APPICON_NAME = AppIcon;
				ASSETCATALOG_COMPILER_GLOBAL_ACCENT_COLOR_NAME = AccentColor;
				CODE_SIGN_STYLE = Automatic;
				CURRENT_PROJECT_VERSION = 1;
				DEVELOPMENT_TEAM = L8Q6MVX7ZF;
				ENABLE_PREVIEWS = YES;
				GENERATE_INFOPLIST_FILE = YES;
				INFOPLIST_FILE = visionCube/Info.plist;
				LD_RUNPATH_SEARCH_PATHS = (
					"$(inherited)",
					"@executable_path/Frameworks",
				);
				MARKETING_VERSION = 1.0;
				PRODUCT_BUNDLE_IDENTIFIER = MA.visionCube;
				PRODUCT_NAME = "$(TARGET_NAME)";
				SUPPORTED_PLATFORMS = "xros xrsimulator";
				SWIFT_EMIT_LOC_STRINGS = YES;
				SWIFT_OBJC_BRIDGING_HEADER = visionCube/Cube/ShaderTypes.h;
				SWIFT_VERSION = 5.0;
				TARGETED_DEVICE_FAMILY = "1,2,7";
				XROS_DEPLOYMENT_TARGET = 1.1;
			};
			name = Debug;
		};
		63C245652B66CDCB0037B3E1 /* Release */ = {
			isa = XCBuildConfiguration;
			buildSettings = {
				ASSETCATALOG_COMPILER_APPICON_NAME = AppIcon;
				ASSETCATALOG_COMPILER_GLOBAL_ACCENT_COLOR_NAME = AccentColor;
				CODE_SIGN_STYLE = Automatic;
				CURRENT_PROJECT_VERSION = 1;
				DEVELOPMENT_TEAM = L8Q6MVX7ZF;
				ENABLE_PREVIEWS = YES;
				GENERATE_INFOPLIST_FILE = YES;
				INFOPLIST_FILE = visionCube/Info.plist;
				LD_RUNPATH_SEARCH_PATHS = (
					"$(inherited)",
					"@executable_path/Frameworks",
				);
				MARKETING_VERSION = 1.0;
				PRODUCT_BUNDLE_IDENTIFIER = MA.visionCube;
				PRODUCT_NAME = "$(TARGET_NAME)";
				SUPPORTED_PLATFORMS = "xros xrsimulator";
				SWIFT_EMIT_LOC_STRINGS = YES;
				SWIFT_OBJC_BRIDGING_HEADER = visionCube/Cube/ShaderTypes.h;
				SWIFT_VERSION = 5.0;
				TARGETED_DEVICE_FAMILY = "1,2,7";
				XROS_DEPLOYMENT_TARGET = 1.1;
			};
			name = Release;
		};
/* End XCBuildConfiguration section */

/* Begin XCConfigurationList section */
		63C245492B66CDC80037B3E1 /* Build configuration list for PBXProject "visionCube" */ = {
			isa = XCConfigurationList;
			buildConfigurations = (
				63C245612B66CDCB0037B3E1 /* Debug */,
				63C245622B66CDCB0037B3E1 /* Release */,
			);
			defaultConfigurationIsVisible = 0;
			defaultConfigurationName = Release;
		};
		63C245632B66CDCB0037B3E1 /* Build configuration list for PBXNativeTarget "visionCube" */ = {
			isa = XCConfigurationList;
			buildConfigurations = (
				63C245642B66CDCB0037B3E1 /* Debug */,
				63C245652B66CDCB0037B3E1 /* Release */,
			);
			defaultConfigurationIsVisible = 0;
			defaultConfigurationName = Release;
		};
/* End XCConfigurationList section */

/* Begin XCSwiftPackageProductDependency section */
		63C245532B66CDC90037B3E1 /* RealityKitContent */ = {
			isa = XCSwiftPackageProductDependency;
			productName = RealityKitContent;
		};
/* End XCSwiftPackageProductDependency section */
	};
	rootObject = 63C245462B66CDC80037B3E1 /* Project object */;
}
